
Microsoft Visual Studio Solution File, Format Version 12.00
# Visual Studio 15
Project("{FAE04EC0-301F-11D3-BF4B-00C04F79EFBC}") = "Assembly-CSharp", "Assembly-CSharp.csproj", "{88F946ED-F277-1A31-D743-D522F47E2231}"
EndProject
Project("{FAE04EC0-301F-11D3-BF4B-00C04F79EFBC}") = "Assembly-CSharp-Editor", "Assembly-CSharp-Editor.csproj", "{4E8BF6C8-7B00-3444-584E-96F154B37D2F}"
EndProject
Global
	GlobalSection(SolutionConfigurationPlatforms) = preSolution
		Debug|Any CPU = Debug|Any CPU
		Release|Any CPU = Release|Any CPU
	EndGlobalSection
	GlobalSection(ProjectConfigurationPlatforms) = postSolution
		{88F946ED-F277-1A31-D743-D522F47E2231}.Debug|Any CPU.ActiveCfg = Debug|Any CPU
		{88F946ED-F277-1A31-D743-D522F47E2231}.Debug|Any CPU.Build.0 = Debug|Any CPU
		{88F946ED-F277-1A31-D743-D522F47E2231}.Release|Any CPU.ActiveCfg = Release|Any CPU
		{88F946ED-F277-1A31-D743-D522F47E2231}.Release|Any CPU.Build.0 = Release|Any CPU
		{4E8BF6C8-7B00-3444-584E-96F154B37D2F}.Debug|Any CPU.ActiveCfg = Debug|Any CPU
		{4E8BF6C8-7B00-3444-584E-96F154B37D2F}.Debug|Any CPU.Build.0 = Debug|Any CPU
		{4E8BF6C8-7B00-3444-584E-96F154B37D2F}.Release|Any CPU.ActiveCfg = Release|Any CPU
		{4E8BF6C8-7B00-3444-584E-96F154B37D2F}.Release|Any CPU.Build.0 = Release|Any CPU
	EndGlobalSection
	GlobalSection(SolutionProperties) = preSolution
		HideSolutionNode = FALSE
	EndGlobalSection
EndGlobal
